
Microsoft Visual Studio Solution File, Format Version 12.00
# Visual Studio Version 16
VisualStudioVersion = 16.0.32002.261
MinimumVisualStudioVersion = 10.0.40219.1
Project("{FAE04EC0-301F-11D3-BF4B-00C04F79EFBC}") = "MyFirstASPNETWebApp", "MyFirstASPNETWebApp\MyFirstASPNETWebApp.csproj", "{B6F22001-4B9E-4710-880C-18C39A745581}"
EndProject
Global
	GlobalSection(SolutionConfigurationPlatforms) = preSolution
		Debug|Any CPU = Debug|Any CPU
		Release|Any CPU = Release|Any CPU
	EndGlobalSection
	GlobalSection(ProjectConfigurationPlatforms) = postSolution
		{B6F22001-4B9E-4710-880C-18C39A745581}.Debug|Any CPU.ActiveCfg = Debug|Any CPU
		{B6F22001-4B9E-4710-880C-18C39A745581}.Debug|Any CPU.Build.0 = Debug|Any CPU
		{B6F22001-4B9E-4710-880C-18C39A745581}.Release|Any CPU.ActiveCfg = Release|Any CPU
		{B6F22001-4B9E-4710-880C-18C39A745581}.Release|Any CPU.Build.0 = Release|Any CPU
	EndGlobalSection
	GlobalSection(SolutionProperties) = preSolution
		HideSolutionNode = FALSE
	EndGlobalSection
	GlobalSection(ExtensibilityGlobals) = postSolution
		SolutionGuid = {3424E2AC-BA0E-4213-BF91-194B20E1512B}
	EndGlobalSection
EndGlobal
